
Microsoft Visual Studio Solution File, Format Version 12.00
# Visual Studio 15
VisualStudioVersion = 15.0.28307.1738
MinimumVisualStudioVersion = 10.0.40219.1
Project("{FAE04EC0-301F-11D3-BF4B-00C04F79EFBC}") = "NavisPlugin", "NavisPlugin\NavisPlugin.csproj", "{7F01BC13-F062-4402-A904-9C0DDF29D3AD}"
EndProject
Global
	GlobalSection(SolutionConfigurationPlatforms) = preSolution
		Debug|Any CPU = Debug|Any CPU
		Release|Any CPU = Release|Any CPU
	EndGlobalSection
	GlobalSection(ProjectConfigurationPlatforms) = postSolution
		{7F01BC13-F062-4402-A904-9C0DDF29D3AD}.Debug|Any CPU.ActiveCfg = Debug|Any CPU
		{7F01BC13-F062-4402-A904-9C0DDF29D3AD}.Debug|Any CPU.Build.0 = Debug|Any CPU
		{7F01BC13-F062-4402-A904-9C0DDF29D3AD}.Release|Any CPU.ActiveCfg = Release|Any CPU
		{7F01BC13-F062-4402-A904-9C0DDF29D3AD}.Release|Any CPU.Build.0 = Release|Any CPU
	EndGlobalSection
	GlobalSection(SolutionProperties) = preSolution
		HideSolutionNode = FALSE
	EndGlobalSection
	GlobalSection(ExtensibilityGlobals) = postSolution
		SolutionGuid = {149C9632-8EAE-4AA5-A04B-051DCC9C53D6}
	EndGlobalSection
EndGlobal
